
Microsoft Visual Studio Solution File, Format Version 11.00
# Visual Studio 2010
# SharpDevelop 5.1
Project("{FAE04EC0-301F-11D3-BF4B-00C04F79EFBC}") = "exA", "exA\exA.csproj", "{6B7FA56C-493B-4E6D-A223-8628357495D1}"
EndProject
Global
	GlobalSection(SolutionConfigurationPlatforms) = preSolution
		Debug|Any CPU = Debug|Any CPU
		Release|Any CPU = Release|Any CPU
	EndGlobalSection
	GlobalSection(ProjectConfigurationPlatforms) = postSolution
		{6B7FA56C-493B-4E6D-A223-8628357495D1}.Debug|Any CPU.ActiveCfg = Debug|Any CPU
		{6B7FA56C-493B-4E6D-A223-8628357495D1}.Debug|Any CPU.Build.0 = Debug|Any CPU
		{6B7FA56C-493B-4E6D-A223-8628357495D1}.Release|Any CPU.ActiveCfg = Release|Any CPU
		{6B7FA56C-493B-4E6D-A223-8628357495D1}.Release|Any CPU.Build.0 = Release|Any CPU
	EndGlobalSection
EndGlobal
